
Microsoft Visual Studio Solution File, Format Version 12.00
# Visual Studio Version 17
VisualStudioVersion = 17.7.34003.232
MinimumVisualStudioVersion = 10.0.40219.1
Project("{2150E333-8FDC-42A3-9474-1A3956D46DE8}") = "FrontEnd", "FrontEnd", "{AB93332A-FB6A-42AE-A4C7-5B7DB1AA5C98}"
EndProject
Project("{2150E333-8FDC-42A3-9474-1A3956D46DE8}") = "Services", "Services", "{76254846-2E7E-4F0B-8EEC-E8C46C9DFFA9}"
EndProject
Project("{9A19103F-16F7-4668-BE54-9A1E7A4F7556}") = "CouponApi", "CouponApi\CouponApi.csproj", "{96808F25-A761-4DB8-832F-3AF27491C5A3}"
EndProject
Project("{FAE04EC0-301F-11D3-BF4B-00C04F79EFBC}") = "BlazorServerApp", "BlazorServerApp\BlazorServerApp.csproj", "{C1FCC03B-A1CA-44E1-BD00-9024B28FC6AB}"
EndProject
Global
	GlobalSection(SolutionConfigurationPlatforms) = preSolution
		Debug|Any CPU = Debug|Any CPU
		Release|Any CPU = Release|Any CPU
	EndGlobalSection
	GlobalSection(ProjectConfigurationPlatforms) = postSolution
		{96808F25-A761-4DB8-832F-3AF27491C5A3}.Debug|Any CPU.ActiveCfg = Debug|Any CPU
		{96808F25-A761-4DB8-832F-3AF27491C5A3}.Debug|Any CPU.Build.0 = Debug|Any CPU
		{96808F25-A761-4DB8-832F-3AF27491C5A3}.Release|Any CPU.ActiveCfg = Release|Any CPU
		{96808F25-A761-4DB8-832F-3AF27491C5A3}.Release|Any CPU.Build.0 = Release|Any CPU
		{C1FCC03B-A1CA-44E1-BD00-9024B28FC6AB}.Debug|Any CPU.ActiveCfg = Debug|Any CPU
		{C1FCC03B-A1CA-44E1-BD00-9024B28FC6AB}.Debug|Any CPU.Build.0 = Debug|Any CPU
		{C1FCC03B-A1CA-44E1-BD00-9024B28FC6AB}.Release|Any CPU.ActiveCfg = Release|Any CPU
		{C1FCC03B-A1CA-44E1-BD00-9024B28FC6AB}.Release|Any CPU.Build.0 = Release|Any CPU
	EndGlobalSection
	GlobalSection(SolutionProperties) = preSolution
		HideSolutionNode = FALSE
	EndGlobalSection
	GlobalSection(NestedProjects) = preSolution
		{96808F25-A761-4DB8-832F-3AF27491C5A3} = {76254846-2E7E-4F0B-8EEC-E8C46C9DFFA9}
		{C1FCC03B-A1CA-44E1-BD00-9024B28FC6AB} = {AB93332A-FB6A-42AE-A4C7-5B7DB1AA5C98}
	EndGlobalSection
	GlobalSection(ExtensibilityGlobals) = postSolution
		SolutionGuid = {0F0A8B1B-4581-4710-9A55-527374A5CA94}
	EndGlobalSection
EndGlobal
