
Microsoft Visual Studio Solution File, Format Version 12.00
# Visual Studio Version 17
VisualStudioVersion = 17.8.34525.116
MinimumVisualStudioVersion = 10.0.40219.1
Project("{2150E333-8FDC-42A3-9474-1A3956D46DE8}") = "FrontEnd", "FrontEnd", "{43450177-AAE8-4C4B-A445-C22588A61894}"
EndProject
Project("{2150E333-8FDC-42A3-9474-1A3956D46DE8}") = "Gateway", "Gateway", "{213984E8-ECEC-4EB3-B659-CA6025AA6D0D}"
EndProject
Project("{2150E333-8FDC-42A3-9474-1A3956D46DE8}") = "Integeration", "Integeration", "{3C980DC6-943D-4911-A95F-930DE966F877}"
EndProject
Project("{2150E333-8FDC-42A3-9474-1A3956D46DE8}") = "Services", "Services", "{127B9AD0-3F27-4DE9-8B7C-EEC9A944509B}"
EndProject
Project("{9A19103F-16F7-4668-BE54-9A1E7A4F7556}") = "BlazorMicroservices.Services.CouponApi", "BlazorMicroservices.Services.CouponApi\BlazorMicroservices.Services.CouponApi.csproj", "{855A0AAD-D574-491D-B71A-BC5149BB5D6F}"
EndProject
Project("{9A19103F-16F7-4668-BE54-9A1E7A4F7556}") = "BlazorMicroservices.Web", "BlazorMicroservices.Web\BlazorMicroservices.Web.csproj", "{0E685361-BBC0-4627-AE74-F05EF013A549}"
EndProject
Project("{FAE04EC0-301F-11D3-BF4B-00C04F79EFBC}") = "BlazorMicroservices.Services.AuthApi", "BlazorMicroservices.Services.AuthApi\BlazorMicroservices.Services.AuthApi.csproj", "{AB6EC4C2-54D7-40EF-B2C6-D1FAC53CF559}"
EndProject
Global
	GlobalSection(SolutionConfigurationPlatforms) = preSolution
		Debug|Any CPU = Debug|Any CPU
		Release|Any CPU = Release|Any CPU
	EndGlobalSection
	GlobalSection(ProjectConfigurationPlatforms) = postSolution
		{855A0AAD-D574-491D-B71A-BC5149BB5D6F}.Debug|Any CPU.ActiveCfg = Debug|Any CPU
		{855A0AAD-D574-491D-B71A-BC5149BB5D6F}.Debug|Any CPU.Build.0 = Debug|Any CPU
		{855A0AAD-D574-491D-B71A-BC5149BB5D6F}.Release|Any CPU.ActiveCfg = Release|Any CPU
		{855A0AAD-D574-491D-B71A-BC5149BB5D6F}.Release|Any CPU.Build.0 = Release|Any CPU
		{0E685361-BBC0-4627-AE74-F05EF013A549}.Debug|Any CPU.ActiveCfg = Debug|Any CPU
		{0E685361-BBC0-4627-AE74-F05EF013A549}.Debug|Any CPU.Build.0 = Debug|Any CPU
		{0E685361-BBC0-4627-AE74-F05EF013A549}.Release|Any CPU.ActiveCfg = Release|Any CPU
		{0E685361-BBC0-4627-AE74-F05EF013A549}.Release|Any CPU.Build.0 = Release|Any CPU
		{AB6EC4C2-54D7-40EF-B2C6-D1FAC53CF559}.Debug|Any CPU.ActiveCfg = Debug|Any CPU
		{AB6EC4C2-54D7-40EF-B2C6-D1FAC53CF559}.Debug|Any CPU.Build.0 = Debug|Any CPU
		{AB6EC4C2-54D7-40EF-B2C6-D1FAC53CF559}.Release|Any CPU.ActiveCfg = Release|Any CPU
		{AB6EC4C2-54D7-40EF-B2C6-D1FAC53CF559}.Release|Any CPU.Build.0 = Release|Any CPU
	EndGlobalSection
	GlobalSection(SolutionProperties) = preSolution
		HideSolutionNode = FALSE
	EndGlobalSection
	GlobalSection(NestedProjects) = preSolution
		{855A0AAD-D574-491D-B71A-BC5149BB5D6F} = {127B9AD0-3F27-4DE9-8B7C-EEC9A944509B}
		{0E685361-BBC0-4627-AE74-F05EF013A549} = {43450177-AAE8-4C4B-A445-C22588A61894}
		{AB6EC4C2-54D7-40EF-B2C6-D1FAC53CF559} = {127B9AD0-3F27-4DE9-8B7C-EEC9A944509B}
	EndGlobalSection
	GlobalSection(ExtensibilityGlobals) = postSolution
		SolutionGuid = {91EBAB17-41D9-4623-B450-38619E8CF2CE}
	EndGlobalSection
EndGlobal
